
Microsoft Visual Studio Solution File, Format Version 12.00
# Visual Studio Version 16
VisualStudioVersion = 16.0.30028.174
MinimumVisualStudioVersion = 10.0.40219.1
Project("{FAE04EC0-301F-11D3-BF4B-00C04F79EFBC}") = "BugRepro.Server", "BugRepro\Server\BugRepro.Server.csproj", "{AC43C5B5-5682-4A04-9F91-B077FE5CC06A}"
EndProject
Project("{FAE04EC0-301F-11D3-BF4B-00C04F79EFBC}") = "BugRepro.Client", "BugRepro\Client\BugRepro.Client.csproj", "{A9BF2131-31ED-4CE8-8E70-A40C58EB15AB}"
EndProject
Project("{FAE04EC0-301F-11D3-BF4B-00C04F79EFBC}") = "BugRepro.Shared", "BugRepro\Shared\BugRepro.Shared.csproj", "{850BDB81-C956-4AD2-A5D2-0911E0D1B26A}"
EndProject
Global
	GlobalSection(SolutionConfigurationPlatforms) = preSolution
		Debug|Any CPU = Debug|Any CPU
		Release|Any CPU = Release|Any CPU
	EndGlobalSection
	GlobalSection(ProjectConfigurationPlatforms) = postSolution
		{AC43C5B5-5682-4A04-9F91-B077FE5CC06A}.Debug|Any CPU.ActiveCfg = Debug|Any CPU
		{AC43C5B5-5682-4A04-9F91-B077FE5CC06A}.Debug|Any CPU.Build.0 = Debug|Any CPU
		{AC43C5B5-5682-4A04-9F91-B077FE5CC06A}.Release|Any CPU.ActiveCfg = Release|Any CPU
		{AC43C5B5-5682-4A04-9F91-B077FE5CC06A}.Release|Any CPU.Build.0 = Release|Any CPU
		{A9BF2131-31ED-4CE8-8E70-A40C58EB15AB}.Debug|Any CPU.ActiveCfg = Debug|Any CPU
		{A9BF2131-31ED-4CE8-8E70-A40C58EB15AB}.Debug|Any CPU.Build.0 = Debug|Any CPU
		{A9BF2131-31ED-4CE8-8E70-A40C58EB15AB}.Release|Any CPU.ActiveCfg = Release|Any CPU
		{A9BF2131-31ED-4CE8-8E70-A40C58EB15AB}.Release|Any CPU.Build.0 = Release|Any CPU
		{850BDB81-C956-4AD2-A5D2-0911E0D1B26A}.Debug|Any CPU.ActiveCfg = Debug|Any CPU
		{850BDB81-C956-4AD2-A5D2-0911E0D1B26A}.Debug|Any CPU.Build.0 = Debug|Any CPU
		{850BDB81-C956-4AD2-A5D2-0911E0D1B26A}.Release|Any CPU.ActiveCfg = Release|Any CPU
		{850BDB81-C956-4AD2-A5D2-0911E0D1B26A}.Release|Any CPU.Build.0 = Release|Any CPU
	EndGlobalSection
	GlobalSection(SolutionProperties) = preSolution
		HideSolutionNode = FALSE
	EndGlobalSection
	GlobalSection(ExtensibilityGlobals) = postSolution
		SolutionGuid = {A6CBFD61-E6DB-4FE8-82DC-74FB93D0863E}
	EndGlobalSection
EndGlobal
